
Microsoft Visual Studio Solution File, Format Version 12.00
# Visual Studio 14
VisualStudioVersion = 14.0.25420.1
MinimumVisualStudioVersion = 10.0.40219.1
Project("{2150E333-8FDC-42A3-9474-1A3956D46DE8}") = "src", "src", "{08DA46AB-AE7D-4908-A596-FE4CCD25AEA9}"
EndProject
Project("{2150E333-8FDC-42A3-9474-1A3956D46DE8}") = "Solution Items", "Solution Items", "{D755CC36-5251-4046-920E-AF2BFF1313A1}"
	ProjectSection(SolutionItems) = preProject
		global.json = global.json
	EndProjectSection
EndProject
Project("{8BB2217D-0F2D-49D1-97BC-3654ED321F3B}") = "MediatrEF6PoC2.API", "src\MediatrEF6PoC2.API\MediatrEF6PoC2.API.xproj", "{E3A0EC43-4C69-4263-91B0-F6E0A53660D6}"
EndProject
Project("{8BB2217D-0F2D-49D1-97BC-3654ED321F3B}") = "MediatrEF6PoC2.Messages", "src\MediatrEF6PoC2.Messages\MediatrEF6PoC2.Messages.xproj", "{F01EE7F6-E49F-4814-9325-5EB34513A31A}"
EndProject
Project("{8BB2217D-0F2D-49D1-97BC-3654ED321F3B}") = "MediatrEF6PoC2.Models", "src\MediatrEF6PoC2.Models\MediatrEF6PoC2.Models.xproj", "{6D027F66-3E91-4E40-B06C-2374FE0AB5E8}"
EndProject
Project("{FAE04EC0-301F-11D3-BF4B-00C04F79EFBC}") = "MediatrEF6PoC2.EF6", "MediatrEF6PoC2.EF6\MediatrEF6PoC2.EF6.csproj", "{5A668616-45E8-4665-844E-71A4359D0BE9}"
EndProject
Project("{8BB2217D-0F2D-49D1-97BC-3654ED321F3B}") = "MediatrEF6PoC2.EF6Handlers", "src\MediatrEF6PoC2.EF6Handlers\MediatrEF6PoC2.EF6Handlers.xproj", "{316B9296-4FAE-4331-884D-F0F1F3A1D72D}"
EndProject
Global
	GlobalSection(SolutionConfigurationPlatforms) = preSolution
		Debug|Any CPU = Debug|Any CPU
		Release|Any CPU = Release|Any CPU
	EndGlobalSection
	GlobalSection(ProjectConfigurationPlatforms) = postSolution
		{E3A0EC43-4C69-4263-91B0-F6E0A53660D6}.Debug|Any CPU.ActiveCfg = Debug|Any CPU
		{E3A0EC43-4C69-4263-91B0-F6E0A53660D6}.Debug|Any CPU.Build.0 = Debug|Any CPU
		{E3A0EC43-4C69-4263-91B0-F6E0A53660D6}.Release|Any CPU.ActiveCfg = Release|Any CPU
		{E3A0EC43-4C69-4263-91B0-F6E0A53660D6}.Release|Any CPU.Build.0 = Release|Any CPU
		{F01EE7F6-E49F-4814-9325-5EB34513A31A}.Debug|Any CPU.ActiveCfg = Debug|Any CPU
		{F01EE7F6-E49F-4814-9325-5EB34513A31A}.Debug|Any CPU.Build.0 = Debug|Any CPU
		{F01EE7F6-E49F-4814-9325-5EB34513A31A}.Release|Any CPU.ActiveCfg = Release|Any CPU
		{F01EE7F6-E49F-4814-9325-5EB34513A31A}.Release|Any CPU.Build.0 = Release|Any CPU
		{6D027F66-3E91-4E40-B06C-2374FE0AB5E8}.Debug|Any CPU.ActiveCfg = Debug|Any CPU
		{6D027F66-3E91-4E40-B06C-2374FE0AB5E8}.Debug|Any CPU.Build.0 = Debug|Any CPU
		{6D027F66-3E91-4E40-B06C-2374FE0AB5E8}.Release|Any CPU.ActiveCfg = Release|Any CPU
		{6D027F66-3E91-4E40-B06C-2374FE0AB5E8}.Release|Any CPU.Build.0 = Release|Any CPU
		{5A668616-45E8-4665-844E-71A4359D0BE9}.Debug|Any CPU.ActiveCfg = Debug|Any CPU
		{5A668616-45E8-4665-844E-71A4359D0BE9}.Debug|Any CPU.Build.0 = Debug|Any CPU
		{5A668616-45E8-4665-844E-71A4359D0BE9}.Release|Any CPU.ActiveCfg = Release|Any CPU
		{5A668616-45E8-4665-844E-71A4359D0BE9}.Release|Any CPU.Build.0 = Release|Any CPU
		{316B9296-4FAE-4331-884D-F0F1F3A1D72D}.Debug|Any CPU.ActiveCfg = Debug|Any CPU
		{316B9296-4FAE-4331-884D-F0F1F3A1D72D}.Debug|Any CPU.Build.0 = Debug|Any CPU
		{316B9296-4FAE-4331-884D-F0F1F3A1D72D}.Release|Any CPU.ActiveCfg = Release|Any CPU
		{316B9296-4FAE-4331-884D-F0F1F3A1D72D}.Release|Any CPU.Build.0 = Release|Any CPU
	EndGlobalSection
	GlobalSection(SolutionProperties) = preSolution
		HideSolutionNode = FALSE
	EndGlobalSection
	GlobalSection(NestedProjects) = preSolution
		{E3A0EC43-4C69-4263-91B0-F6E0A53660D6} = {08DA46AB-AE7D-4908-A596-FE4CCD25AEA9}
		{F01EE7F6-E49F-4814-9325-5EB34513A31A} = {08DA46AB-AE7D-4908-A596-FE4CCD25AEA9}
		{6D027F66-3E91-4E40-B06C-2374FE0AB5E8} = {08DA46AB-AE7D-4908-A596-FE4CCD25AEA9}
		{5A668616-45E8-4665-844E-71A4359D0BE9} = {08DA46AB-AE7D-4908-A596-FE4CCD25AEA9}
		{316B9296-4FAE-4331-884D-F0F1F3A1D72D} = {08DA46AB-AE7D-4908-A596-FE4CCD25AEA9}
	EndGlobalSection
EndGlobal
