
Microsoft Visual Studio Solution File, Format Version 12.00
# Visual Studio 14
VisualStudioVersion = 14.0.25420.1
MinimumVisualStudioVersion = 10.0.40219.1
Project("{2150E333-8FDC-42A3-9474-1A3956D46DE8}") = "src", "src", "{22E19A24-BEBC-43AF-9324-C021BA934592}"
EndProject
Project("{2150E333-8FDC-42A3-9474-1A3956D46DE8}") = "Solution Items", "Solution Items", "{2C32FE1B-1C89-42EB-85FA-743BCB52E140}"
	ProjectSection(SolutionItems) = preProject
		global.json = global.json
	EndProjectSection
EndProject
Project("{8BB2217D-0F2D-49D1-97BC-3654ED321F3B}") = "ToDoGaveUpProbablyCQRS", "src\ToDoGaveUpProbablyCQRS\ToDoGaveUpProbablyCQRS.xproj", "{E21CEA79-CDA9-49FB-B0C5-148FC0216E1D}"
EndProject
Global
	GlobalSection(SolutionConfigurationPlatforms) = preSolution
		Debug|Any CPU = Debug|Any CPU
		Release|Any CPU = Release|Any CPU
	EndGlobalSection
	GlobalSection(ProjectConfigurationPlatforms) = postSolution
		{E21CEA79-CDA9-49FB-B0C5-148FC0216E1D}.Debug|Any CPU.ActiveCfg = Debug|Any CPU
		{E21CEA79-CDA9-49FB-B0C5-148FC0216E1D}.Debug|Any CPU.Build.0 = Debug|Any CPU
		{E21CEA79-CDA9-49FB-B0C5-148FC0216E1D}.Release|Any CPU.ActiveCfg = Release|Any CPU
		{E21CEA79-CDA9-49FB-B0C5-148FC0216E1D}.Release|Any CPU.Build.0 = Release|Any CPU
	EndGlobalSection
	GlobalSection(SolutionProperties) = preSolution
		HideSolutionNode = FALSE
	EndGlobalSection
	GlobalSection(NestedProjects) = preSolution
		{E21CEA79-CDA9-49FB-B0C5-148FC0216E1D} = {22E19A24-BEBC-43AF-9324-C021BA934592}
	EndGlobalSection
EndGlobal
