
Microsoft Visual Studio Solution File, Format Version 12.00
# Visual Studio 14
VisualStudioVersion = 14.0.25420.1
MinimumVisualStudioVersion = 10.0.40219.1
Project("{2150E333-8FDC-42A3-9474-1A3956D46DE8}") = "src", "src", "{AD87663A-CCB7-4125-890C-5B6ABE19E56E}"
EndProject
Project("{2150E333-8FDC-42A3-9474-1A3956D46DE8}") = "Solution Items", "Solution Items", "{8FEF3918-5553-4AAC-894B-EC9957AC5333}"
	ProjectSection(SolutionItems) = preProject
		global.json = global.json
	EndProjectSection
EndProject
Project("{8BB2217D-0F2D-49D1-97BC-3654ED321F3B}") = "MediatrEF6PoC3.API", "src\MediatrEF6PoC3.API\MediatrEF6PoC3.API.xproj", "{6286865A-98C8-4B34-B8FE-FEC12832DA96}"
EndProject
Project("{8BB2217D-0F2D-49D1-97BC-3654ED321F3B}") = "MediatrEF6PoC3.Messages", "src\MediatrEF6PoC3.Messages\MediatrEF6PoC3.Messages.xproj", "{CE63F397-9E2E-47DB-9415-CCA14543797D}"
EndProject
Project("{8BB2217D-0F2D-49D1-97BC-3654ED321F3B}") = "MediatrEF6PoC3.Models", "src\MediatrEF6PoC3.Models\MediatrEF6PoC3.Models.xproj", "{5FB60D0A-5941-4EE2-9AC2-F5FC151365A3}"
EndProject
Project("{8BB2217D-0F2D-49D1-97BC-3654ED321F3B}") = "MediatrEF6PoC3.EF6Handlers", "src\MediatrEF6PoC3.EF6Handlers\MediatrEF6PoC3.EF6Handlers.xproj", "{327FA391-7B10-45CB-ACF2-CC9CC09DCF43}"
EndProject
Project("{2150E333-8FDC-42A3-9474-1A3956D46DE8}") = "net452src", "net452src", "{623EF793-4E6E-49F4-AB79-D7115D344996}"
EndProject
Project("{FAE04EC0-301F-11D3-BF4B-00C04F79EFBC}") = "MediatrEF6PoC3.EF6", "MediatrEF6PoC3.EF6\MediatrEF6PoC3.EF6.csproj", "{51A5FE2F-D003-402C-B37D-50139E025138}"
EndProject
Project("{8BB2217D-0F2D-49D1-97BC-3654ED321F3B}") = "MediatrEF6PoC3.MediatrPipeline", "src\MediatrEF6PoC3.MediatrPipeline\MediatrEF6PoC3.MediatrPipeline.xproj", "{BE912A12-2606-4ED2-A34B-8E55022E539A}"
EndProject
Global
	GlobalSection(SolutionConfigurationPlatforms) = preSolution
		Debug|Any CPU = Debug|Any CPU
		Release|Any CPU = Release|Any CPU
	EndGlobalSection
	GlobalSection(ProjectConfigurationPlatforms) = postSolution
		{6286865A-98C8-4B34-B8FE-FEC12832DA96}.Debug|Any CPU.ActiveCfg = Debug|Any CPU
		{6286865A-98C8-4B34-B8FE-FEC12832DA96}.Debug|Any CPU.Build.0 = Debug|Any CPU
		{6286865A-98C8-4B34-B8FE-FEC12832DA96}.Release|Any CPU.ActiveCfg = Release|Any CPU
		{6286865A-98C8-4B34-B8FE-FEC12832DA96}.Release|Any CPU.Build.0 = Release|Any CPU
		{CE63F397-9E2E-47DB-9415-CCA14543797D}.Debug|Any CPU.ActiveCfg = Debug|Any CPU
		{CE63F397-9E2E-47DB-9415-CCA14543797D}.Debug|Any CPU.Build.0 = Debug|Any CPU
		{CE63F397-9E2E-47DB-9415-CCA14543797D}.Release|Any CPU.ActiveCfg = Release|Any CPU
		{CE63F397-9E2E-47DB-9415-CCA14543797D}.Release|Any CPU.Build.0 = Release|Any CPU
		{5FB60D0A-5941-4EE2-9AC2-F5FC151365A3}.Debug|Any CPU.ActiveCfg = Debug|Any CPU
		{5FB60D0A-5941-4EE2-9AC2-F5FC151365A3}.Debug|Any CPU.Build.0 = Debug|Any CPU
		{5FB60D0A-5941-4EE2-9AC2-F5FC151365A3}.Release|Any CPU.ActiveCfg = Release|Any CPU
		{5FB60D0A-5941-4EE2-9AC2-F5FC151365A3}.Release|Any CPU.Build.0 = Release|Any CPU
		{327FA391-7B10-45CB-ACF2-CC9CC09DCF43}.Debug|Any CPU.ActiveCfg = Debug|Any CPU
		{327FA391-7B10-45CB-ACF2-CC9CC09DCF43}.Debug|Any CPU.Build.0 = Debug|Any CPU
		{327FA391-7B10-45CB-ACF2-CC9CC09DCF43}.Release|Any CPU.ActiveCfg = Release|Any CPU
		{327FA391-7B10-45CB-ACF2-CC9CC09DCF43}.Release|Any CPU.Build.0 = Release|Any CPU
		{51A5FE2F-D003-402C-B37D-50139E025138}.Debug|Any CPU.ActiveCfg = Debug|Any CPU
		{51A5FE2F-D003-402C-B37D-50139E025138}.Debug|Any CPU.Build.0 = Debug|Any CPU
		{51A5FE2F-D003-402C-B37D-50139E025138}.Release|Any CPU.ActiveCfg = Release|Any CPU
		{51A5FE2F-D003-402C-B37D-50139E025138}.Release|Any CPU.Build.0 = Release|Any CPU
		{BE912A12-2606-4ED2-A34B-8E55022E539A}.Debug|Any CPU.ActiveCfg = Debug|Any CPU
		{BE912A12-2606-4ED2-A34B-8E55022E539A}.Debug|Any CPU.Build.0 = Debug|Any CPU
		{BE912A12-2606-4ED2-A34B-8E55022E539A}.Release|Any CPU.ActiveCfg = Release|Any CPU
		{BE912A12-2606-4ED2-A34B-8E55022E539A}.Release|Any CPU.Build.0 = Release|Any CPU
	EndGlobalSection
	GlobalSection(SolutionProperties) = preSolution
		HideSolutionNode = FALSE
	EndGlobalSection
	GlobalSection(NestedProjects) = preSolution
		{6286865A-98C8-4B34-B8FE-FEC12832DA96} = {AD87663A-CCB7-4125-890C-5B6ABE19E56E}
		{CE63F397-9E2E-47DB-9415-CCA14543797D} = {AD87663A-CCB7-4125-890C-5B6ABE19E56E}
		{5FB60D0A-5941-4EE2-9AC2-F5FC151365A3} = {AD87663A-CCB7-4125-890C-5B6ABE19E56E}
		{327FA391-7B10-45CB-ACF2-CC9CC09DCF43} = {AD87663A-CCB7-4125-890C-5B6ABE19E56E}
		{51A5FE2F-D003-402C-B37D-50139E025138} = {623EF793-4E6E-49F4-AB79-D7115D344996}
		{BE912A12-2606-4ED2-A34B-8E55022E539A} = {AD87663A-CCB7-4125-890C-5B6ABE19E56E}
	EndGlobalSection
EndGlobal
